
Microsoft Visual Studio Solution File, Format Version 12.00
# Visual Studio Version 17
VisualStudioVersion = 17.13.35825.156
MinimumVisualStudioVersion = 10.0.40219.1
Project("{FAE04EC0-301F-11D3-BF4B-00C04F79EFBC}") = "Exercicio01", "Exercicio01\Exercicio01.csproj", "{D8007D57-BF93-4E4E-839B-273426A0B73F}"
EndProject
Project("{FAE04EC0-301F-11D3-BF4B-00C04F79EFBC}") = "Exercicio02", "Exercicio02\Exercicio02.csproj", "{148EE95A-777C-4404-AB92-1F50C84B1DC7}"
EndProject
Project("{FAE04EC0-301F-11D3-BF4B-00C04F79EFBC}") = "Exercicio03", "Exercicio03\Exercicio03.csproj", "{F5D58A32-EE3A-4AB4-B36B-8BFDA00D4CC4}"
EndProject
Project("{FAE04EC0-301F-11D3-BF4B-00C04F79EFBC}") = "erxercicio04", "erxercicio04\erxercicio04.csproj", "{3900214D-7E5E-404E-A326-14B6787A5D59}"
EndProject
Project("{FAE04EC0-301F-11D3-BF4B-00C04F79EFBC}") = "exercicio05", "exercicio05\exercicio05.csproj", "{751C96CC-6AD9-4668-B802-5FFD2866B333}"
EndProject
Project("{FAE04EC0-301F-11D3-BF4B-00C04F79EFBC}") = "exercicio06", "exercicio06\exercicio06.csproj", "{903C9475-0C1D-4204-9F0E-4C2B774370D2}"
EndProject
Project("{FAE04EC0-301F-11D3-BF4B-00C04F79EFBC}") = "exercicio08", "exercicio08\exercicio08.csproj", "{47EDB875-2286-45D1-9E2C-20EF82E05619}"
EndProject
Project("{FAE04EC0-301F-11D3-BF4B-00C04F79EFBC}") = "exercicio09", "exercicio09\exercicio09.csproj", "{680C7BF1-9BBC-4E03-891C-6881934FDD59}"
EndProject
Project("{FAE04EC0-301F-11D3-BF4B-00C04F79EFBC}") = "exercicio10", "exercicio10\exercicio10.csproj", "{B2342223-02DC-4193-A32E-C533C85E5ECF}"
EndProject
Project("{FAE04EC0-301F-11D3-BF4B-00C04F79EFBC}") = "exercicio11", "exercicio11\exercicio11.csproj", "{5B3FB1CB-5055-4835-BD7F-F85D4745B798}"
EndProject
Project("{FAE04EC0-301F-11D3-BF4B-00C04F79EFBC}") = "exercicio12", "exercicio12\exercicio12.csproj", "{D15F86B6-4F94-409E-87C5-9312BC253694}"
EndProject
Project("{FAE04EC0-301F-11D3-BF4B-00C04F79EFBC}") = "exercicio13", "exercicio13\exercicio13.csproj", "{4B06EAA6-00A6-4107-A75D-DA75843A23BB}"
EndProject
Project("{FAE04EC0-301F-11D3-BF4B-00C04F79EFBC}") = "exercicio14", "exercicio14\exercicio14.csproj", "{524704AD-C582-47FD-8123-4E031C7B9991}"
EndProject
Project("{FAE04EC0-301F-11D3-BF4B-00C04F79EFBC}") = "exercicio15", "exercicio15\exercicio15.csproj", "{40B56C66-6EEF-44AB-AECC-24EE2B840976}"
EndProject
Project("{FAE04EC0-301F-11D3-BF4B-00C04F79EFBC}") = "exercicio16", "exercicio16\exercicio16.csproj", "{D4ACB61E-5815-42D1-9B3A-3083C0F71588}"
EndProject
Project("{FAE04EC0-301F-11D3-BF4B-00C04F79EFBC}") = "exercicio17", "exercicio17\exercicio17.csproj", "{0B88FD39-0B5A-4719-A9E8-2FD2A20BD5F3}"
EndProject
Project("{FAE04EC0-301F-11D3-BF4B-00C04F79EFBC}") = "exercicio18", "exercicio18\exercicio18.csproj", "{110A28E9-DD8A-4D95-B948-9201B1815E1B}"
EndProject
Global
	GlobalSection(SolutionConfigurationPlatforms) = preSolution
		Debug|Any CPU = Debug|Any CPU
		Release|Any CPU = Release|Any CPU
	EndGlobalSection
	GlobalSection(ProjectConfigurationPlatforms) = postSolution
		{D8007D57-BF93-4E4E-839B-273426A0B73F}.Debug|Any CPU.ActiveCfg = Debug|Any CPU
		{D8007D57-BF93-4E4E-839B-273426A0B73F}.Debug|Any CPU.Build.0 = Debug|Any CPU
		{D8007D57-BF93-4E4E-839B-273426A0B73F}.Release|Any CPU.ActiveCfg = Release|Any CPU
		{D8007D57-BF93-4E4E-839B-273426A0B73F}.Release|Any CPU.Build.0 = Release|Any CPU
		{148EE95A-777C-4404-AB92-1F50C84B1DC7}.Debug|Any CPU.ActiveCfg = Debug|Any CPU
		{148EE95A-777C-4404-AB92-1F50C84B1DC7}.Debug|Any CPU.Build.0 = Debug|Any CPU
		{148EE95A-777C-4404-AB92-1F50C84B1DC7}.Release|Any CPU.ActiveCfg = Release|Any CPU
		{148EE95A-777C-4404-AB92-1F50C84B1DC7}.Release|Any CPU.Build.0 = Release|Any CPU
		{F5D58A32-EE3A-4AB4-B36B-8BFDA00D4CC4}.Debug|Any CPU.ActiveCfg = Debug|Any CPU
		{F5D58A32-EE3A-4AB4-B36B-8BFDA00D4CC4}.Debug|Any CPU.Build.0 = Debug|Any CPU
		{F5D58A32-EE3A-4AB4-B36B-8BFDA00D4CC4}.Release|Any CPU.ActiveCfg = Release|Any CPU
		{F5D58A32-EE3A-4AB4-B36B-8BFDA00D4CC4}.Release|Any CPU.Build.0 = Release|Any CPU
		{3900214D-7E5E-404E-A326-14B6787A5D59}.Debug|Any CPU.ActiveCfg = Debug|Any CPU
		{3900214D-7E5E-404E-A326-14B6787A5D59}.Debug|Any CPU.Build.0 = Debug|Any CPU
		{3900214D-7E5E-404E-A326-14B6787A5D59}.Release|Any CPU.ActiveCfg = Release|Any CPU
		{3900214D-7E5E-404E-A326-14B6787A5D59}.Release|Any CPU.Build.0 = Release|Any CPU
		{751C96CC-6AD9-4668-B802-5FFD2866B333}.Debug|Any CPU.ActiveCfg = Debug|Any CPU
		{751C96CC-6AD9-4668-B802-5FFD2866B333}.Debug|Any CPU.Build.0 = Debug|Any CPU
		{751C96CC-6AD9-4668-B802-5FFD2866B333}.Release|Any CPU.ActiveCfg = Release|Any CPU
		{751C96CC-6AD9-4668-B802-5FFD2866B333}.Release|Any CPU.Build.0 = Release|Any CPU
		{903C9475-0C1D-4204-9F0E-4C2B774370D2}.Debug|Any CPU.ActiveCfg = Debug|Any CPU
		{903C9475-0C1D-4204-9F0E-4C2B774370D2}.Debug|Any CPU.Build.0 = Debug|Any CPU
		{903C9475-0C1D-4204-9F0E-4C2B774370D2}.Release|Any CPU.ActiveCfg = Release|Any CPU
		{903C9475-0C1D-4204-9F0E-4C2B774370D2}.Release|Any CPU.Build.0 = Release|Any CPU
		{47EDB875-2286-45D1-9E2C-20EF82E05619}.Debug|Any CPU.ActiveCfg = Debug|Any CPU
		{47EDB875-2286-45D1-9E2C-20EF82E05619}.Debug|Any CPU.Build.0 = Debug|Any CPU
		{47EDB875-2286-45D1-9E2C-20EF82E05619}.Release|Any CPU.ActiveCfg = Release|Any CPU
		{47EDB875-2286-45D1-9E2C-20EF82E05619}.Release|Any CPU.Build.0 = Release|Any CPU
		{680C7BF1-9BBC-4E03-891C-6881934FDD59}.Debug|Any CPU.ActiveCfg = Debug|Any CPU
		{680C7BF1-9BBC-4E03-891C-6881934FDD59}.Debug|Any CPU.Build.0 = Debug|Any CPU
		{680C7BF1-9BBC-4E03-891C-6881934FDD59}.Release|Any CPU.ActiveCfg = Release|Any CPU
		{680C7BF1-9BBC-4E03-891C-6881934FDD59}.Release|Any CPU.Build.0 = Release|Any CPU
		{B2342223-02DC-4193-A32E-C533C85E5ECF}.Debug|Any CPU.ActiveCfg = Debug|Any CPU
		{B2342223-02DC-4193-A32E-C533C85E5ECF}.Debug|Any CPU.Build.0 = Debug|Any CPU
		{B2342223-02DC-4193-A32E-C533C85E5ECF}.Release|Any CPU.ActiveCfg = Release|Any CPU
		{B2342223-02DC-4193-A32E-C533C85E5ECF}.Release|Any CPU.Build.0 = Release|Any CPU
		{5B3FB1CB-5055-4835-BD7F-F85D4745B798}.Debug|Any CPU.ActiveCfg = Debug|Any CPU
		{5B3FB1CB-5055-4835-BD7F-F85D4745B798}.Debug|Any CPU.Build.0 = Debug|Any CPU
		{5B3FB1CB-5055-4835-BD7F-F85D4745B798}.Release|Any CPU.ActiveCfg = Release|Any CPU
		{5B3FB1CB-5055-4835-BD7F-F85D4745B798}.Release|Any CPU.Build.0 = Release|Any CPU
		{D15F86B6-4F94-409E-87C5-9312BC253694}.Debug|Any CPU.ActiveCfg = Debug|Any CPU
		{D15F86B6-4F94-409E-87C5-9312BC253694}.Debug|Any CPU.Build.0 = Debug|Any CPU
		{D15F86B6-4F94-409E-87C5-9312BC253694}.Release|Any CPU.ActiveCfg = Release|Any CPU
		{D15F86B6-4F94-409E-87C5-9312BC253694}.Release|Any CPU.Build.0 = Release|Any CPU
		{4B06EAA6-00A6-4107-A75D-DA75843A23BB}.Debug|Any CPU.ActiveCfg = Debug|Any CPU
		{4B06EAA6-00A6-4107-A75D-DA75843A23BB}.Debug|Any CPU.Build.0 = Debug|Any CPU
		{4B06EAA6-00A6-4107-A75D-DA75843A23BB}.Release|Any CPU.ActiveCfg = Release|Any CPU
		{4B06EAA6-00A6-4107-A75D-DA75843A23BB}.Release|Any CPU.Build.0 = Release|Any CPU
		{524704AD-C582-47FD-8123-4E031C7B9991}.Debug|Any CPU.ActiveCfg = Debug|Any CPU
		{524704AD-C582-47FD-8123-4E031C7B9991}.Debug|Any CPU.Build.0 = Debug|Any CPU
		{524704AD-C582-47FD-8123-4E031C7B9991}.Release|Any CPU.ActiveCfg = Release|Any CPU
		{524704AD-C582-47FD-8123-4E031C7B9991}.Release|Any CPU.Build.0 = Release|Any CPU
		{40B56C66-6EEF-44AB-AECC-24EE2B840976}.Debug|Any CPU.ActiveCfg = Debug|Any CPU
		{40B56C66-6EEF-44AB-AECC-24EE2B840976}.Debug|Any CPU.Build.0 = Debug|Any CPU
		{40B56C66-6EEF-44AB-AECC-24EE2B840976}.Release|Any CPU.ActiveCfg = Release|Any CPU
		{40B56C66-6EEF-44AB-AECC-24EE2B840976}.Release|Any CPU.Build.0 = Release|Any CPU
		{D4ACB61E-5815-42D1-9B3A-3083C0F71588}.Debug|Any CPU.ActiveCfg = Debug|Any CPU
		{D4ACB61E-5815-42D1-9B3A-3083C0F71588}.Debug|Any CPU.Build.0 = Debug|Any CPU
		{D4ACB61E-5815-42D1-9B3A-3083C0F71588}.Release|Any CPU.ActiveCfg = Release|Any CPU
		{D4ACB61E-5815-42D1-9B3A-3083C0F71588}.Release|Any CPU.Build.0 = Release|Any CPU
		{0B88FD39-0B5A-4719-A9E8-2FD2A20BD5F3}.Debug|Any CPU.ActiveCfg = Debug|Any CPU
		{0B88FD39-0B5A-4719-A9E8-2FD2A20BD5F3}.Debug|Any CPU.Build.0 = Debug|Any CPU
		{0B88FD39-0B5A-4719-A9E8-2FD2A20BD5F3}.Release|Any CPU.ActiveCfg = Release|Any CPU
		{0B88FD39-0B5A-4719-A9E8-2FD2A20BD5F3}.Release|Any CPU.Build.0 = Release|Any CPU
		{110A28E9-DD8A-4D95-B948-9201B1815E1B}.Debug|Any CPU.ActiveCfg = Debug|Any CPU
		{110A28E9-DD8A-4D95-B948-9201B1815E1B}.Debug|Any CPU.Build.0 = Debug|Any CPU
		{110A28E9-DD8A-4D95-B948-9201B1815E1B}.Release|Any CPU.ActiveCfg = Release|Any CPU
		{110A28E9-DD8A-4D95-B948-9201B1815E1B}.Release|Any CPU.Build.0 = Release|Any CPU
	EndGlobalSection
	GlobalSection(SolutionProperties) = preSolution
		HideSolutionNode = FALSE
	EndGlobalSection
	GlobalSection(ExtensibilityGlobals) = postSolution
		SolutionGuid = {7DC22444-EF95-447F-B878-24E15D391C9E}
	EndGlobalSection
EndGlobal
