
Microsoft Visual Studio Solution File, Format Version 12.00
# Visual Studio Version 17
VisualStudioVersion = 17.13.35825.156 d17.13
MinimumVisualStudioVersion = 10.0.40219.1
Project("{FAE04EC0-301F-11D3-BF4B-00C04F79EFBC}") = "Exercicio01", "Exercicio01\Exercicio01.csproj", "{D8007D57-BF93-4E4E-839B-273426A0B73F}"
EndProject
Project("{FAE04EC0-301F-11D3-BF4B-00C04F79EFBC}") = "Exercicio02", "Exercicio02\Exercicio02.csproj", "{148EE95A-777C-4404-AB92-1F50C84B1DC7}"
EndProject
Project("{FAE04EC0-301F-11D3-BF4B-00C04F79EFBC}") = "Exercicio03", "Exercicio03\Exercicio03.csproj", "{F5D58A32-EE3A-4AB4-B36B-8BFDA00D4CC4}"
EndProject
Project("{FAE04EC0-301F-11D3-BF4B-00C04F79EFBC}") = "erxercicio04", "erxercicio04\erxercicio04.csproj", "{3900214D-7E5E-404E-A326-14B6787A5D59}"
EndProject
Project("{FAE04EC0-301F-11D3-BF4B-00C04F79EFBC}") = "exercicio05", "exercicio05\exercicio05.csproj", "{751C96CC-6AD9-4668-B802-5FFD2866B333}"
EndProject
Global
	GlobalSection(SolutionConfigurationPlatforms) = preSolution
		Debug|Any CPU = Debug|Any CPU
		Release|Any CPU = Release|Any CPU
	EndGlobalSection
	GlobalSection(ProjectConfigurationPlatforms) = postSolution
		{D8007D57-BF93-4E4E-839B-273426A0B73F}.Debug|Any CPU.ActiveCfg = Debug|Any CPU
		{D8007D57-BF93-4E4E-839B-273426A0B73F}.Debug|Any CPU.Build.0 = Debug|Any CPU
		{D8007D57-BF93-4E4E-839B-273426A0B73F}.Release|Any CPU.ActiveCfg = Release|Any CPU
		{D8007D57-BF93-4E4E-839B-273426A0B73F}.Release|Any CPU.Build.0 = Release|Any CPU
		{148EE95A-777C-4404-AB92-1F50C84B1DC7}.Debug|Any CPU.ActiveCfg = Debug|Any CPU
		{148EE95A-777C-4404-AB92-1F50C84B1DC7}.Debug|Any CPU.Build.0 = Debug|Any CPU
		{148EE95A-777C-4404-AB92-1F50C84B1DC7}.Release|Any CPU.ActiveCfg = Release|Any CPU
		{148EE95A-777C-4404-AB92-1F50C84B1DC7}.Release|Any CPU.Build.0 = Release|Any CPU
		{F5D58A32-EE3A-4AB4-B36B-8BFDA00D4CC4}.Debug|Any CPU.ActiveCfg = Debug|Any CPU
		{F5D58A32-EE3A-4AB4-B36B-8BFDA00D4CC4}.Debug|Any CPU.Build.0 = Debug|Any CPU
		{F5D58A32-EE3A-4AB4-B36B-8BFDA00D4CC4}.Release|Any CPU.ActiveCfg = Release|Any CPU
		{F5D58A32-EE3A-4AB4-B36B-8BFDA00D4CC4}.Release|Any CPU.Build.0 = Release|Any CPU
		{3900214D-7E5E-404E-A326-14B6787A5D59}.Debug|Any CPU.ActiveCfg = Debug|Any CPU
		{3900214D-7E5E-404E-A326-14B6787A5D59}.Debug|Any CPU.Build.0 = Debug|Any CPU
		{3900214D-7E5E-404E-A326-14B6787A5D59}.Release|Any CPU.ActiveCfg = Release|Any CPU
		{3900214D-7E5E-404E-A326-14B6787A5D59}.Release|Any CPU.Build.0 = Release|Any CPU
		{751C96CC-6AD9-4668-B802-5FFD2866B333}.Debug|Any CPU.ActiveCfg = Debug|Any CPU
		{751C96CC-6AD9-4668-B802-5FFD2866B333}.Debug|Any CPU.Build.0 = Debug|Any CPU
		{751C96CC-6AD9-4668-B802-5FFD2866B333}.Release|Any CPU.ActiveCfg = Release|Any CPU
		{751C96CC-6AD9-4668-B802-5FFD2866B333}.Release|Any CPU.Build.0 = Release|Any CPU
	EndGlobalSection
	GlobalSection(SolutionProperties) = preSolution
		HideSolutionNode = FALSE
	EndGlobalSection
	GlobalSection(ExtensibilityGlobals) = postSolution
		SolutionGuid = {7DC22444-EF95-447F-B878-24E15D391C9E}
	EndGlobalSection
EndGlobal
